
Microsoft Visual Studio Solution File, Format Version 12.00
# Visual Studio Version 16
VisualStudioVersion = 16.0.29001.49
MinimumVisualStudioVersion = 10.0.40219.1
Project("{FAE04EC0-301F-11D3-BF4B-00C04F79EFBC}") = "Black Friday", "Black Friday.csproj", "{65172524-F261-4052-BA6E-A66F84DE9FFE}"
EndProject
Global
	GlobalSection(SolutionConfigurationPlatforms) = preSolution
		Debug|Any CPU = Debug|Any CPU
		Release|Any CPU = Release|Any CPU
	EndGlobalSection
	GlobalSection(ProjectConfigurationPlatforms) = postSolution
		{65172524-F261-4052-BA6E-A66F84DE9FFE}.Debug|Any CPU.ActiveCfg = Debug|Any CPU
		{65172524-F261-4052-BA6E-A66F84DE9FFE}.Debug|Any CPU.Build.0 = Debug|Any CPU
		{65172524-F261-4052-BA6E-A66F84DE9FFE}.Release|Any CPU.ActiveCfg = Release|Any CPU
		{65172524-F261-4052-BA6E-A66F84DE9FFE}.Release|Any CPU.Build.0 = Release|Any CPU
	EndGlobalSection
	GlobalSection(SolutionProperties) = preSolution
		HideSolutionNode = FALSE
	EndGlobalSection
	GlobalSection(ExtensibilityGlobals) = postSolution
		SolutionGuid = {E5A9140C-D589-4620-9B85-7E0C825EA3FB}
	EndGlobalSection
EndGlobal
